{
  "name": "rapier-proof",
  "version": "1.0.0",
  "lockfileVersion": 3,
  "requires": true,
  "packages": {
    "": {
      "name": "rapier-proof",
      "version": "1.0.0",
      "license": "ISC",
      "dependencies": {
        "@dimforge/rapier3d-compat": "^0.21.0"
      }
    },
    "node_modules/@dimforge/rapier3d-compat": {
      "version": "0.21.0",
      "resolved": "https://registry.npmjs.org/@dimforge/rapier3d-compat/-/rapier3d-compat-0.21.0.tgz",
      "integrity": "sha512-tCl1HPGwOhn5aCQbgqWbOH+Nx/5fnr3IPAnzQuR7zIhC/raqi2yxC6LhvZqjdI2El5hQgY5RDAwDrAjAi2FdPA==",
      "license": "Apache-2.0"
    }
  }
}
